
Microsoft Visual Studio Solution File, Format Version 12.00
# Visual Studio Version 17
VisualStudioVersion = 17.9.34701.34
MinimumVisualStudioVersion = 10.0.40219.1
Project("{FAE04EC0-301F-11D3-BF4B-00C04F79EFBC}") = "MatchingGame", "MatchingGame\MatchingGame.csproj", "{05585334-FE7B-48EA-8978-F79273CBE24B}"
EndProject
Global
	GlobalSection(SolutionConfigurationPlatforms) = preSolution
		Debug|Any CPU = Debug|Any CPU
		Release|Any CPU = Release|Any CPU
	EndGlobalSection
	GlobalSection(ProjectConfigurationPlatforms) = postSolution
		{05585334-FE7B-48EA-8978-F79273CBE24B}.Debug|Any CPU.ActiveCfg = Debug|Any CPU
		{05585334-FE7B-48EA-8978-F79273CBE24B}.Debug|Any CPU.Build.0 = Debug|Any CPU
		{05585334-FE7B-48EA-8978-F79273CBE24B}.Release|Any CPU.ActiveCfg = Release|Any CPU
		{05585334-FE7B-48EA-8978-F79273CBE24B}.Release|Any CPU.Build.0 = Release|Any CPU
	EndGlobalSection
	GlobalSection(SolutionProperties) = preSolution
		HideSolutionNode = FALSE
	EndGlobalSection
	GlobalSection(ExtensibilityGlobals) = postSolution
		SolutionGuid = {711C97A9-E4E3-49EF-886B-D2EDD4442C06}
	EndGlobalSection
EndGlobal
